
Microsoft Visual Studio Solution File, Format Version 12.00
# Visual Studio Version 17
VisualStudioVersion = 17.3.32922.545
MinimumVisualStudioVersion = 10.0.40219.1
Project("{FAE04EC0-301F-11D3-BF4B-00C04F79EFBC}") = "PrismTrialCalculator", "PrismTrialCalculator\PrismTrialCalculator.csproj", "{6A24633B-22AF-4522-8428-82FCB5D87002}"
EndProject
Global
	GlobalSection(SolutionConfigurationPlatforms) = preSolution
		Debug|Any CPU = Debug|Any CPU
		Release|Any CPU = Release|Any CPU
	EndGlobalSection
	GlobalSection(ProjectConfigurationPlatforms) = postSolution
		{6A24633B-22AF-4522-8428-82FCB5D87002}.Debug|Any CPU.ActiveCfg = Debug|Any CPU
		{6A24633B-22AF-4522-8428-82FCB5D87002}.Debug|Any CPU.Build.0 = Debug|Any CPU
		{6A24633B-22AF-4522-8428-82FCB5D87002}.Release|Any CPU.ActiveCfg = Release|Any CPU
		{6A24633B-22AF-4522-8428-82FCB5D87002}.Release|Any CPU.Build.0 = Release|Any CPU
	EndGlobalSection
	GlobalSection(SolutionProperties) = preSolution
		HideSolutionNode = FALSE
	EndGlobalSection
	GlobalSection(ExtensibilityGlobals) = postSolution
		SolutionGuid = {0C805C93-4EB0-4040-A064-04D74F938BA2}
	EndGlobalSection
EndGlobal
